// !$*UTF8*$!
{
	archiveVersion = 1;
	classes = {
	};
	objectVersion = 46;
	objects = {

/* Begin PBXBuildFile section */
		B2A0B01A1D7D3D9000338CBB /* main.m in Sources */ = {isa = PBXBuildFile; fileRef = B2A0B0191D7D3D9000338CBB /* main.m */; };
		B2A0B01D1D7D3D9000338CBB /* AppDelegate.m in Sources */ = {isa = PBXBuildFile; fileRef = B2A0B01C1D7D3D9000338CBB /* AppDelegate.m */; };
		B2A0B0201D7D3D9000338CBB /* ViewController.m in Sources */ = {isa = PBXBuildFile; fileRef = B2A0B01F1D7D3D9000338CBB /* ViewController.m */; };
		B2A0B0231D7D3D9000338CBB /* Main.storyboard in Resources */ = {isa = PBXBuildFile; fileRef = B2A0B0211D7D3D9000338CBB /* Main.storyboard */; };
		B2A0B0251D7D3D9000338CBB /* Assets.xcassets in Resources */ = {isa = PBXBuildFile; fileRef = B2A0B0241D7D3D9000338CBB /* Assets.xcassets */; };
		B2A0B0281D7D3D9000338CBB /* LaunchScreen.storyboard in Resources */ = {isa = PBXBuildFile; fileRef = B2A0B0261D7D3D9000338CBB /* LaunchScreen.storyboard */; };
		B2A0B0321D7D3F2C00338CBB /* NSObject+SEL.m in Sources */ = {isa = PBXBuildFile; fileRef = B2A0B0311D7D3F2C00338CBB /* NSObject+SEL.m */; };
		B2A0B0351D7D3F4900338CBB /* UIView+Tap.m in Sources */ = {isa = PBXBuildFile; fileRef = B2A0B0341D7D3F4900338CBB /* UIView+Tap.m */; };
		B2A0B0381D7D3F9E00338CBB /* UIButton+TapScope.m in Sources */ = {isa = PBXBuildFile; fileRef = B2A0B0371D7D3F9E00338CBB /* UIButton+TapScope.m */; };
		B2A0B03B1D7D456A00338CBB /* UIView+TapViewController.m in Sources */ = {isa = PBXBuildFile; fileRef = B2A0B03A1D7D456A00338CBB /* UIView+TapViewController.m */; };
		B2A0B03E1D7D460F00338CBB /* NSObject+SELViewController.m in Sources */ = {isa = PBXBuildFile; fileRef = B2A0B03D1D7D460F00338CBB /* NSObject+SELViewController.m */; };
		B2A0B0411D7D461900338CBB /* UIButton+TapScopeViewController.m in Sources */ = {isa = PBXBuildFile; fileRef = B2A0B0401D7D461900338CBB /* UIButton+TapScopeViewController.m */; };
/* End PBXBuildFile section */

/* Begin PBXFileReference section */
		B2A0B0151D7D3D9000338CBB /* MKExtension.app */ = {isa = PBXFileReference; explicitFileType = wrapper.application; includeInIndex = 0; path = MKExtension.app; sourceTree = BUILT_PRODUCTS_DIR; };
		B2A0B0191D7D3D9000338CBB /* main.m */ = {isa = PBXFileReference; lastKnownFileType = sourcecode.c.objc; path = main.m; sourceTree = "<group>"; };
		B2A0B01B1D7D3D9000338CBB /* AppDelegate.h */ = {isa = PBXFileReference; lastKnownFileType = sourcecode.c.h; path = AppDelegate.h; sourceTree = "<group>"; };
		B2A0B01C1D7D3D9000338CBB /* AppDelegate.m */ = {isa = PBXFileReference; lastKnownFileType = sourcecode.c.objc; path = AppDelegate.m; sourceTree = "<group>"; };
		B2A0B01E1D7D3D9000338CBB /* ViewController.h */ = {isa = PBXFileReference; lastKnownFileType = sourcecode.c.h; path = ViewController.h; sourceTree = "<group>"; };
		B2A0B01F1D7D3D9000338CBB /* ViewController.m */ = {isa = PBXFileReference; lastKnownFileType = sourcecode.c.objc; path = ViewController.m; sourceTree = "<group>"; };
		B2A0B0221D7D3D9000338CBB /* Base */ = {isa = PBXFileReference; lastKnownFileType = file.storyboard; name = Base; path = Base.lproj/Main.storyboard; sourceTree = "<group>"; };
		B2A0B0241D7D3D9000338CBB /* Assets.xcassets */ = {isa = PBXFileReference; lastKnownFileType = folder.assetcatalog; path = Assets.xcassets; sourceTree = "<group>"; };
		B2A0B0271D7D3D9000338CBB /* Base */ = {isa = PBXFileReference; lastKnownFileType = file.storyboard; name = Base; path = Base.lproj/LaunchScreen.storyboard; sourceTree = "<group>"; };
		B2A0B0291D7D3D9000338CBB /* Info.plist */ = {isa = PBXFileReference; lastKnownFileType = text.plist.xml; path = Info.plist; sourceTree = "<group>"; };
		B2A0B0301D7D3F2C00338CBB /* NSObject+SEL.h */ = {isa = PBXFileReference; fileEncoding = 4; lastKnownFileType = sourcecode.c.h; path = "NSObject+SEL.h"; sourceTree = "<group>"; };
		B2A0B0311D7D3F2C00338CBB /* NSObject+SEL.m */ = {isa = PBXFileReference; fileEncoding = 4; lastKnownFileType = sourcecode.c.objc; path = "NSObject+SEL.m"; sourceTree = "<group>"; };
		B2A0B0331D7D3F4900338CBB /* UIView+Tap.h */ = {isa = PBXFileReference; fileEncoding = 4; lastKnownFileType = sourcecode.c.h; path = "UIView+Tap.h"; sourceTree = "<group>"; };
		B2A0B0341D7D3F4900338CBB /* UIView+Tap.m */ = {isa = PBXFileReference; fileEncoding = 4; lastKnownFileType = sourcecode.c.objc; path = "UIView+Tap.m"; sourceTree = "<group>"; };
		B2A0B0361D7D3F9E00338CBB /* UIButton+TapScope.h */ = {isa = PBXFileReference; fileEncoding = 4; lastKnownFileType = sourcecode.c.h; path = "UIButton+TapScope.h"; sourceTree = "<group>"; };
		B2A0B0371D7D3F9E00338CBB /* UIButton+TapScope.m */ = {isa = PBXFileReference; fileEncoding = 4; lastKnownFileType = sourcecode.c.objc; path = "UIButton+TapScope.m"; sourceTree = "<group>"; };
		B2A0B0391D7D456A00338CBB /* UIView+TapViewController.h */ = {isa = PBXFileReference; fileEncoding = 4; lastKnownFileType = sourcecode.c.h; path = "UIView+TapViewController.h"; sourceTree = "<group>"; };
		B2A0B03A1D7D456A00338CBB /* UIView+TapViewController.m */ = {isa = PBXFileReference; fileEncoding = 4; lastKnownFileType = sourcecode.c.objc; path = "UIView+TapViewController.m"; sourceTree = "<group>"; };
		B2A0B03C1D7D460F00338CBB /* NSObject+SELViewController.h */ = {isa = PBXFileReference; fileEncoding = 4; lastKnownFileType = sourcecode.c.h; path = "NSObject+SELViewController.h"; sourceTree = "<group>"; };
		B2A0B03D1D7D460F00338CBB /* NSObject+SELViewController.m */ = {isa = PBXFileReference; fileEncoding = 4; lastKnownFileType = sourcecode.c.objc; path = "NSObject+SELViewController.m"; sourceTree = "<group>"; };
		B2A0B03F1D7D461800338CBB /* UIButton+TapScopeViewController.h */ = {isa = PBXFileReference; fileEncoding = 4; lastKnownFileType = sourcecode.c.h; path = "UIButton+TapScopeViewController.h"; sourceTree = "<group>"; };
		B2A0B0401D7D461900338CBB /* UIButton+TapScopeViewController.m */ = {isa = PBXFileReference; fileEncoding = 4; lastKnownFileType = sourcecode.c.objc; path = "UIButton+TapScopeViewController.m"; sourceTree = "<group>"; };
/* End PBXFileReference section */

/* Begin PBXFrameworksBuildPhase section */
		B2A0B0121D7D3D9000338CBB /* Frameworks */ = {
			isa = PBXFrameworksBuildPhase;
			buildActionMask = 2147483647;
			files = (
			);
			runOnlyForDeploymentPostprocessing = 0;
		};
/* End PBXFrameworksBuildPhase section */

/* Begin PBXGroup section */
		B2A0B00C1D7D3D9000338CBB = {
			isa = PBXGroup;
			children = (
				B2A0B0171D7D3D9000338CBB /* MKExtension */,
				B2A0B0161D7D3D9000338CBB /* Products */,
			);
			sourceTree = "<group>";
		};
		B2A0B0161D7D3D9000338CBB /* Products */ = {
			isa = PBXGroup;
			children = (
				B2A0B0151D7D3D9000338CBB /* MKExtension.app */,
			);
			name = Products;
			sourceTree = "<group>";
		};
		B2A0B0171D7D3D9000338CBB /* MKExtension */ = {
			isa = PBXGroup;
			children = (
				B2A0B02F1D7D3F1200338CBB /* MKExtension */,
				B2A0B01B1D7D3D9000338CBB /* AppDelegate.h */,
				B2A0B01C1D7D3D9000338CBB /* AppDelegate.m */,
				B2A0B01E1D7D3D9000338CBB /* ViewController.h */,
				B2A0B01F1D7D3D9000338CBB /* ViewController.m */,
				B2A0B0391D7D456A00338CBB /* UIView+TapViewController.h */,
				B2A0B03A1D7D456A00338CBB /* UIView+TapViewController.m */,
				B2A0B03C1D7D460F00338CBB /* NSObject+SELViewController.h */,
				B2A0B03D1D7D460F00338CBB /* NSObject+SELViewController.m */,
				B2A0B03F1D7D461800338CBB /* UIButton+TapScopeViewController.h */,
				B2A0B0401D7D461900338CBB /* UIButton+TapScopeViewController.m */,
				B2A0B0211D7D3D9000338CBB /* Main.storyboard */,
				B2A0B0241D7D3D9000338CBB /* Assets.xcassets */,
				B2A0B0261D7D3D9000338CBB /* LaunchScreen.storyboard */,
				B2A0B0291D7D3D9000338CBB /* Info.plist */,
				B2A0B0181D7D3D9000338CBB /* Supporting Files */,
			);
			path = MKExtension;
			sourceTree = "<group>";
		};
		B2A0B0181D7D3D9000338CBB /* Supporting Files */ = {
			isa = PBXGroup;
			children = (
				B2A0B0191D7D3D9000338CBB /* main.m */,
			);
			name = "Supporting Files";
			sourceTree = "<group>";
		};
		B2A0B02F1D7D3F1200338CBB /* MKExtension */ = {
			isa = PBXGroup;
			children = (
				B2A0B0331D7D3F4900338CBB /* UIView+Tap.h */,
				B2A0B0341D7D3F4900338CBB /* UIView+Tap.m */,
				B2A0B0301D7D3F2C00338CBB /* NSObject+SEL.h */,
				B2A0B0311D7D3F2C00338CBB /* NSObject+SEL.m */,
				B2A0B0361D7D3F9E00338CBB /* UIButton+TapScope.h */,
				B2A0B0371D7D3F9E00338CBB /* UIButton+TapScope.m */,
			);
			name = MKExtension;
			path = ../../MKExtension;
			sourceTree = "<group>";
		};
/* End PBXGroup section */

/* Begin PBXNativeTarget section */
		B2A0B0141D7D3D9000338CBB /* MKExtension */ = {
			isa = PBXNativeTarget;
			buildConfigurationList = B2A0B02C1D7D3D9000338CBB /* Build configuration list for PBXNativeTarget "MKExtension" */;
			buildPhases = (
				B2A0B0111D7D3D9000338CBB /* Sources */,
				B2A0B0121D7D3D9000338CBB /* Frameworks */,
				B2A0B0131D7D3D9000338CBB /* Resources */,
			);
			buildRules = (
			);
			dependencies = (
			);
			name = MKExtension;
			productName = MKExtension;
			productReference = B2A0B0151D7D3D9000338CBB /* MKExtension.app */;
			productType = "com.apple.product-type.application";
		};
/* End PBXNativeTarget section */

/* Begin PBXProject section */
		B2A0B00D1D7D3D9000338CBB /* Project object */ = {
			isa = PBXProject;
			attributes = {
				LastUpgradeCheck = 0730;
				ORGANIZATIONNAME = "李小争";
				TargetAttributes = {
					B2A0B0141D7D3D9000338CBB = {
						CreatedOnToolsVersion = 7.3.1;
					};
				};
			};
			buildConfigurationList = B2A0B0101D7D3D9000338CBB /* Build configuration list for PBXProject "MKExtension" */;
			compatibilityVersion = "Xcode 3.2";
			developmentRegion = English;
			hasScannedForEncodings = 0;
			knownRegions = (
				en,
				Base,
			);
			mainGroup = B2A0B00C1D7D3D9000338CBB;
			productRefGroup = B2A0B0161D7D3D9000338CBB /* Products */;
			projectDirPath = "";
			projectRoot = "";
			targets = (
				B2A0B0141D7D3D9000338CBB /* MKExtension */,
			);
		};
/* End PBXProject section */

/* Begin PBXResourcesBuildPhase section */
		B2A0B0131D7D3D9000338CBB /* Resources */ = {
			isa = PBXResourcesBuildPhase;
			buildActionMask = 2147483647;
			files = (
				B2A0B0281D7D3D9000338CBB /* LaunchScreen.storyboard in Resources */,
				B2A0B0251D7D3D9000338CBB /* Assets.xcassets in Resources */,
				B2A0B0231D7D3D9000338CBB /* Main.storyboard in Resources */,
			);
			runOnlyForDeploymentPostprocessing = 0;
		};
/* End PBXResourcesBuildPhase section */

/* Begin PBXSourcesBuildPhase section */
		B2A0B0111D7D3D9000338CBB /* Sources */ = {
			isa = PBXSourcesBuildPhase;
			buildActionMask = 2147483647;
			files = (
				B2A0B0381D7D3F9E00338CBB /* UIButton+TapScope.m in Sources */,
				B2A0B0321D7D3F2C00338CBB /* NSObject+SEL.m in Sources */,
				B2A0B0351D7D3F4900338CBB /* UIView+Tap.m in Sources */,
				B2A0B03B1D7D456A00338CBB /* UIView+TapViewController.m in Sources */,
				B2A0B0411D7D461900338CBB /* UIButton+TapScopeViewController.m in Sources */,
				B2A0B0201D7D3D9000338CBB /* ViewController.m in Sources */,
				B2A0B03E1D7D460F00338CBB /* NSObject+SELViewController.m in Sources */,
				B2A0B01D1D7D3D9000338CBB /* AppDelegate.m in Sources */,
				B2A0B01A1D7D3D9000338CBB /* main.m in Sources */,
			);
			runOnlyForDeploymentPostprocessing = 0;
		};
/* End PBXSourcesBuildPhase section */

/* Begin PBXVariantGroup section */
		B2A0B0211D7D3D9000338CBB /* Main.storyboard */ = {
			isa = PBXVariantGroup;
			children = (
				B2A0B0221D7D3D9000338CBB /* Base */,
			);
			name = Main.storyboard;
			sourceTree = "<group>";
		};
		B2A0B0261D7D3D9000338CBB /* LaunchScreen.storyboard */ = {
			isa = PBXVariantGroup;
			children = (
				B2A0B0271D7D3D9000338CBB /* Base */,
			);
			name = LaunchScreen.storyboard;
			sourceTree = "<group>";
		};
/* End PBXVariantGroup section */

/* Begin XCBuildConfiguration section */
		B2A0B02A1D7D3D9000338CBB /* Debug */ = {
			isa = XCBuildConfiguration;
			buildSettings = {
				ALWAYS_SEARCH_USER_PATHS = NO;
				CLANG_ANALYZER_NONNULL = YES;
				CLANG_CXX_LANGUAGE_STANDARD = "gnu++0x";
				CLANG_CXX_LIBRARY = "libc++";
				CLANG_ENABLE_MODULES = YES;
				CLANG_ENABLE_OBJC_ARC = YES;
				CLANG_WARN_BOOL_CONVERSION = YES;
				CLANG_WARN_CONSTANT_CONVERSION = YES;
				CLANG_WARN_DIRECT_OBJC_ISA_USAGE = YES_ERROR;
				CLANG_WARN_EMPTY_BODY = YES;
				CLANG_WARN_ENUM_CONVERSION = YES;
				CLANG_WARN_INT_CONVERSION = YES;
				CLANG_WARN_OBJC_ROOT_CLASS = YES_ERROR;
				CLANG_WARN_UNREACHABLE_CODE = YES;
				CLANG_WARN__DUPLICATE_METHOD_MATCH = YES;
				"CODE_SIGN_IDENTITY[sdk=iphoneos*]" = "iPhone Developer";
				COPY_PHASE_STRIP = NO;
				DEBUG_INFORMATION_FORMAT = dwarf;
				ENABLE_STRICT_OBJC_MSGSEND = YES;
				ENABLE_TESTABILITY = YES;
				GCC_C_LANGUAGE_STANDARD = gnu99;
				GCC_DYNAMIC_NO_PIC = NO;
				GCC_NO_COMMON_BLOCKS = YES;
				GCC_OPTIMIZATION_LEVEL = 0;
				GCC_PREPROCESSOR_DEFINITIONS = (
					"DEBUG=1",
					"$(inherited)",
				);
				GCC_WARN_64_TO_32_BIT_CONVERSION = YES;
				GCC_WARN_ABOUT_RETURN_TYPE = YES_ERROR;
				GCC_WARN_UNDECLARED_SELECTOR = YES;
				GCC_WARN_UNINITIALIZED_AUTOS = YES_AGGRESSIVE;
				GCC_WARN_UNUSED_FUNCTION = YES;
				GCC_WARN_UNUSED_VARIABLE = YES;
				IPHONEOS_DEPLOYMENT_TARGET = 9.3;
				MTL_ENABLE_DEBUG_INFO = YES;
				ONLY_ACTIVE_ARCH = YES;
				SDKROOT = iphoneos;
			};
			name = Debug;
		};
		B2A0B02B1D7D3D9000338CBB /* Release */ = {
			isa = XCBuildConfiguration;
			buildSettings = {
				ALWAYS_SEARCH_USER_PATHS = NO;
				CLANG_ANALYZER_NONNULL = YES;
				CLANG_CXX_LANGUAGE_STANDARD = "gnu++0x";
				CLANG_CXX_LIBRARY = "libc++";
				CLANG_ENABLE_MODULES = YES;
				CLANG_ENABLE_OBJC_ARC = YES;
				CLANG_WARN_BOOL_CONVERSION = YES;
				CLANG_WARN_CONSTANT_CONVERSION = YES;
				CLANG_WARN_DIRECT_OBJC_ISA_USAGE = YES_ERROR;
				CLANG_WARN_EMPTY_BODY = YES;
				CLANG_WARN_ENUM_CONVERSION = YES;
				CLANG_WARN_INT_CONVERSION = YES;
				CLANG_WARN_OBJC_ROOT_CLASS = YES_ERROR;
				CLANG_WARN_UNREACHABLE_CODE = YES;
				CLANG_WARN__DUPLICATE_METHOD_MATCH = YES;
				"CODE_SIGN_IDENTITY[sdk=iphoneos*]" = "iPhone Developer";
				COPY_PHASE_STRIP = NO;
				DEBUG_INFORMATION_FORMAT = "dwarf-with-dsym";
				ENABLE_NS_ASSERTIONS = NO;
				ENABLE_STRICT_OBJC_MSGSEND = YES;
				GCC_C_LANGUAGE_STANDARD = gnu99;
				GCC_NO_COMMON_BLOCKS = YES;
				GCC_WARN_64_TO_32_BIT_CONVERSION = YES;
				GCC_WARN_ABOUT_RETURN_TYPE = YES_ERROR;
				GCC_WARN_UNDECLARED_SELECTOR = YES;
				GCC_WARN_UNINITIALIZED_AUTOS = YES_AGGRESSIVE;
				GCC_WARN_UNUSED_FUNCTION = YES;
				GCC_WARN_UNUSED_VARIABLE = YES;
				IPHONEOS_DEPLOYMENT_TARGET = 9.3;
				MTL_ENABLE_DEBUG_INFO = NO;
				SDKROOT = iphoneos;
				VALIDATE_PRODUCT = YES;
			};
			name = Release;
		};
		B2A0B02D1D7D3D9000338CBB /* Debug */ = {
			isa = XCBuildConfiguration;
			buildSettings = {
				ASSETCATALOG_COMPILER_APPICON_NAME = AppIcon;
				INFOPLIST_FILE = MKExtension/Info.plist;
				LD_RUNPATH_SEARCH_PATHS = "$(inherited) @executable_path/Frameworks";
				PRODUCT_BUNDLE_IDENTIFIER = cn.citynight.MKExtension;
				PRODUCT_NAME = "$(TARGET_NAME)";
			};
			name = Debug;
		};
		B2A0B02E1D7D3D9000338CBB /* Release */ = {
			isa = XCBuildConfiguration;
			buildSettings = {
				ASSETCATALOG_COMPILER_APPICON_NAME = AppIcon;
				INFOPLIST_FILE = MKExtension/Info.plist;
				LD_RUNPATH_SEARCH_PATHS = "$(inherited) @executable_path/Frameworks";
				PRODUCT_BUNDLE_IDENTIFIER = cn.citynight.MKExtension;
				PRODUCT_NAME = "$(TARGET_NAME)";
			};
			name = Release;
		};
/* End XCBuildConfiguration section */

/* Begin XCConfigurationList section */
		B2A0B0101D7D3D9000338CBB /* Build configuration list for PBXProject "MKExtension" */ = {
			isa = XCConfigurationList;
			buildConfigurations = (
				B2A0B02A1D7D3D9000338CBB /* Debug */,
				B2A0B02B1D7D3D9000338CBB /* Release */,
			);
			defaultConfigurationIsVisible = 0;
			defaultConfigurationName = Release;
		};
		B2A0B02C1D7D3D9000338CBB /* Build configuration list for PBXNativeTarget "MKExtension" */ = {
			isa = XCConfigurationList;
			buildConfigurations = (
				B2A0B02D1D7D3D9000338CBB /* Debug */,
				B2A0B02E1D7D3D9000338CBB /* Release */,
			);
			defaultConfigurationIsVisible = 0;
			defaultConfigurationName = Release;
		};
/* End XCConfigurationList section */
	};
	rootObject = B2A0B00D1D7D3D9000338CBB /* Project object */;
}
